// !$*UTF8*$!
{
	archiveVersion = 1;
	classes = {
	};
	objectVersion = 56;
	objects = {

/* Begin PBXBuildFile section */
		481035E92B95A09D0028A3E0 /* iDeviceApp.swift in Sources */ = {isa = PBXBuildFile; fileRef = 481035E82B95A09D0028A3E0 /* iDeviceApp.swift */; };
		481035EB2B95A09D0028A3E0 /* ContentView.swift in Sources */ = {isa = PBXBuildFile; fileRef = 481035EA2B95A09D0028A3E0 /* ContentView.swift */; };
		481035ED2B95A09E0028A3E0 /* Assets.xcassets in Resources */ = {isa = PBXBuildFile; fileRef = 481035EC2B95A09E0028A3E0 /* Assets.xcassets */; };
		481035F02B95A09E0028A3E0 /* Preview Assets.xcassets in Resources */ = {isa = PBXBuildFile; fileRef = 481035EF2B95A09E0028A3E0 /* Preview Assets.xcassets */; };
		481035F82B95A1080028A3E0 /* DeviceKit in Frameworks */ = {isa = PBXBuildFile; productRef = 481035F72B95A1080028A3E0 /* DeviceKit */; };
		481035FA2B95A6680028A3E0 /* ListRow.swift in Sources */ = {isa = PBXBuildFile; fileRef = 481035F92B95A6680028A3E0 /* ListRow.swift */; };
		48DDCAA92B961EFB0091276C /* CameraDetailsView.swift in Sources */ = {isa = PBXBuildFile; fileRef = 48DDCAA82B961EFB0091276C /* CameraDetailsView.swift */; };
		48DDCAAB2B9638CF0091276C /* ModelDetailsView.swift in Sources */ = {isa = PBXBuildFile; fileRef = 48DDCAAA2B9638CF0091276C /* ModelDetailsView.swift */; };
		48DDCAAD2B9639570091276C /* SoftwareDetailsView.swift in Sources */ = {isa = PBXBuildFile; fileRef = 48DDCAAC2B9639570091276C /* SoftwareDetailsView.swift */; };
		48DDCAAF2B9639E90091276C /* StorageDetailsView.swift in Sources */ = {isa = PBXBuildFile; fileRef = 48DDCAAE2B9639E90091276C /* StorageDetailsView.swift */; };
		48DDCAB12B963A680091276C /* BatteryDetailsView.swift in Sources */ = {isa = PBXBuildFile; fileRef = 48DDCAB02B963A680091276C /* BatteryDetailsView.swift */; };
		48DDCAB32B963B2F0091276C /* NetworksDetailedView.swift in Sources */ = {isa = PBXBuildFile; fileRef = 48DDCAB22B963B2F0091276C /* NetworksDetailedView.swift */; };
		48DDCAB52B963B8C0091276C /* AdditionalDetailedView.swift in Sources */ = {isa = PBXBuildFile; fileRef = 48DDCAB42B963B8C0091276C /* AdditionalDetailedView.swift */; };
		48DDCAB72B963CB30091276C /* SecuredDetailedView.swift in Sources */ = {isa = PBXBuildFile; fileRef = 48DDCAB62B963CB30091276C /* SecuredDetailedView.swift */; };
		48DDCABB2B963D7B0091276C /* DeviceViewModel.swift in Sources */ = {isa = PBXBuildFile; fileRef = 48DDCABA2B963D7B0091276C /* DeviceViewModel.swift */; };
		48DDCABD2B96400B0091276C /* CameraAndHardwareDetailedView.swift in Sources */ = {isa = PBXBuildFile; fileRef = 48DDCABC2B96400B0091276C /* CameraAndHardwareDetailedView.swift */; };
		48DDCABF2B9640B00091276C /* DisplayDetailedView.swift in Sources */ = {isa = PBXBuildFile; fileRef = 48DDCABE2B9640B00091276C /* DisplayDetailedView.swift */; };
		48DDCAC12B9641840091276C /* ProcessorAndGpuDetailedView.swift in Sources */ = {isa = PBXBuildFile; fileRef = 48DDCAC02B9641840091276C /* ProcessorAndGpuDetailedView.swift */; };
/* End PBXBuildFile section */

/* Begin PBXFileReference section */
		481035E52B95A09D0028A3E0 /* iDevice.app */ = {isa = PBXFileReference; explicitFileType = wrapper.application; includeInIndex = 0; path = iDevice.app; sourceTree = BUILT_PRODUCTS_DIR; };
		481035E82B95A09D0028A3E0 /* iDeviceApp.swift */ = {isa = PBXFileReference; lastKnownFileType = sourcecode.swift; path = iDeviceApp.swift; sourceTree = "<group>"; };
		481035EA2B95A09D0028A3E0 /* ContentView.swift */ = {isa = PBXFileReference; lastKnownFileType = sourcecode.swift; path = ContentView.swift; sourceTree = "<group>"; };
		481035EC2B95A09E0028A3E0 /* Assets.xcassets */ = {isa = PBXFileReference; lastKnownFileType = folder.assetcatalog; path = Assets.xcassets; sourceTree = "<group>"; };
		481035EF2B95A09E0028A3E0 /* Preview Assets.xcassets */ = {isa = PBXFileReference; lastKnownFileType = folder.assetcatalog; path = "Preview Assets.xcassets"; sourceTree = "<group>"; };
		481035F92B95A6680028A3E0 /* ListRow.swift */ = {isa = PBXFileReference; lastKnownFileType = sourcecode.swift; path = ListRow.swift; sourceTree = "<group>"; };
		48DDCAA82B961EFB0091276C /* CameraDetailsView.swift */ = {isa = PBXFileReference; lastKnownFileType = sourcecode.swift; path = CameraDetailsView.swift; sourceTree = "<group>"; };
		48DDCAAA2B9638CF0091276C /* ModelDetailsView.swift */ = {isa = PBXFileReference; lastKnownFileType = sourcecode.swift; path = ModelDetailsView.swift; sourceTree = "<group>"; };
		48DDCAAC2B9639570091276C /* SoftwareDetailsView.swift */ = {isa = PBXFileReference; lastKnownFileType = sourcecode.swift; path = SoftwareDetailsView.swift; sourceTree = "<group>"; };
		48DDCAAE2B9639E90091276C /* StorageDetailsView.swift */ = {isa = PBXFileReference; lastKnownFileType = sourcecode.swift; path = StorageDetailsView.swift; sourceTree = "<group>"; };
		48DDCAB02B963A680091276C /* BatteryDetailsView.swift */ = {isa = PBXFileReference; lastKnownFileType = sourcecode.swift; path = BatteryDetailsView.swift; sourceTree = "<group>"; };
		48DDCAB22B963B2F0091276C /* NetworksDetailedView.swift */ = {isa = PBXFileReference; lastKnownFileType = sourcecode.swift; path = NetworksDetailedView.swift; sourceTree = "<group>"; };
		48DDCAB42B963B8C0091276C /* AdditionalDetailedView.swift */ = {isa = PBXFileReference; lastKnownFileType = sourcecode.swift; path = AdditionalDetailedView.swift; sourceTree = "<group>"; };
		48DDCAB62B963CB30091276C /* SecuredDetailedView.swift */ = {isa = PBXFileReference; lastKnownFileType = sourcecode.swift; path = SecuredDetailedView.swift; sourceTree = "<group>"; };
		48DDCABA2B963D7B0091276C /* DeviceViewModel.swift */ = {isa = PBXFileReference; lastKnownFileType = sourcecode.swift; path = DeviceViewModel.swift; sourceTree = "<group>"; };
		48DDCABC2B96400B0091276C /* CameraAndHardwareDetailedView.swift */ = {isa = PBXFileReference; lastKnownFileType = sourcecode.swift; path = CameraAndHardwareDetailedView.swift; sourceTree = "<group>"; };
		48DDCABE2B9640B00091276C /* DisplayDetailedView.swift */ = {isa = PBXFileReference; lastKnownFileType = sourcecode.swift; path = DisplayDetailedView.swift; sourceTree = "<group>"; };
		48DDCAC02B9641840091276C /* ProcessorAndGpuDetailedView.swift */ = {isa = PBXFileReference; lastKnownFileType = sourcecode.swift; path = ProcessorAndGpuDetailedView.swift; sourceTree = "<group>"; };
/* End PBXFileReference section */

/* Begin PBXFrameworksBuildPhase section */
		481035E22B95A09D0028A3E0 /* Frameworks */ = {
			isa = PBXFrameworksBuildPhase;
			buildActionMask = 2147483647;
			files = (
				481035F82B95A1080028A3E0 /* DeviceKit in Frameworks */,
			);
			runOnlyForDeploymentPostprocessing = 0;
		};
/* End PBXFrameworksBuildPhase section */

/* Begin PBXGroup section */
		481035DC2B95A09D0028A3E0 = {
			isa = PBXGroup;
			children = (
				481035E72B95A09D0028A3E0 /* iDevice */,
				481035E62B95A09D0028A3E0 /* Products */,
			);
			sourceTree = "<group>";
		};
		481035E62B95A09D0028A3E0 /* Products */ = {
			isa = PBXGroup;
			children = (
				481035E52B95A09D0028A3E0 /* iDevice.app */,
			);
			name = Products;
			sourceTree = "<group>";
		};
		481035E72B95A09D0028A3E0 /* iDevice */ = {
			isa = PBXGroup;
			children = (
				481035E82B95A09D0028A3E0 /* iDeviceApp.swift */,
				48DDCAB92B963D4E0091276C /* ViewModel */,
				48DDCAB82B963D100091276C /* Views */,
				481035EC2B95A09E0028A3E0 /* Assets.xcassets */,
				481035EE2B95A09E0028A3E0 /* Preview Content */,
			);
			path = iDevice;
			sourceTree = "<group>";
		};
		481035EE2B95A09E0028A3E0 /* Preview Content */ = {
			isa = PBXGroup;
			children = (
				481035EF2B95A09E0028A3E0 /* Preview Assets.xcassets */,
			);
			path = "Preview Content";
			sourceTree = "<group>";
		};
		48DDCAB82B963D100091276C /* Views */ = {
			isa = PBXGroup;
			children = (
				481035EA2B95A09D0028A3E0 /* ContentView.swift */,
				481035F92B95A6680028A3E0 /* ListRow.swift */,
				48DDCAAA2B9638CF0091276C /* ModelDetailsView.swift */,
				48DDCAAC2B9639570091276C /* SoftwareDetailsView.swift */,
				48DDCAAE2B9639E90091276C /* StorageDetailsView.swift */,
				48DDCABC2B96400B0091276C /* CameraAndHardwareDetailedView.swift */,
				48DDCABE2B9640B00091276C /* DisplayDetailedView.swift */,
				48DDCAC02B9641840091276C /* ProcessorAndGpuDetailedView.swift */,
				48DDCAB02B963A680091276C /* BatteryDetailsView.swift */,
				48DDCAA82B961EFB0091276C /* CameraDetailsView.swift */,
				48DDCAB22B963B2F0091276C /* NetworksDetailedView.swift */,
				48DDCAB42B963B8C0091276C /* AdditionalDetailedView.swift */,
				48DDCAB62B963CB30091276C /* SecuredDetailedView.swift */,
			);
			path = Views;
			sourceTree = "<group>";
		};
		48DDCAB92B963D4E0091276C /* ViewModel */ = {
			isa = PBXGroup;
			children = (
				48DDCABA2B963D7B0091276C /* DeviceViewModel.swift */,
			);
			path = ViewModel;
			sourceTree = "<group>";
		};
/* End PBXGroup section */

/* Begin PBXNativeTarget section */
		481035E42B95A09D0028A3E0 /* iDevice */ = {
			isa = PBXNativeTarget;
			buildConfigurationList = 481035F32B95A09E0028A3E0 /* Build configuration list for PBXNativeTarget "iDevice" */;
			buildPhases = (
				481035E12B95A09D0028A3E0 /* Sources */,
				481035E22B95A09D0028A3E0 /* Frameworks */,
				481035E32B95A09D0028A3E0 /* Resources */,
			);
			buildRules = (
			);
			dependencies = (
			);
			name = iDevice;
			packageProductDependencies = (
				481035F72B95A1080028A3E0 /* DeviceKit */,
			);
			productName = iDevice;
			productReference = 481035E52B95A09D0028A3E0 /* iDevice.app */;
			productType = "com.apple.product-type.application";
		};
/* End PBXNativeTarget section */

/* Begin PBXProject section */
		481035DD2B95A09D0028A3E0 /* Project object */ = {
			isa = PBXProject;
			attributes = {
				BuildIndependentTargetsInParallel = 1;
				LastSwiftUpdateCheck = 1520;
				LastUpgradeCheck = 1520;
				TargetAttributes = {
					481035E42B95A09D0028A3E0 = {
						CreatedOnToolsVersion = 15.2;
					};
				};
			};
			buildConfigurationList = 481035E02B95A09D0028A3E0 /* Build configuration list for PBXProject "iDevice" */;
			compatibilityVersion = "Xcode 14.0";
			developmentRegion = en;
			hasScannedForEncodings = 0;
			knownRegions = (
				en,
				Base,
			);
			mainGroup = 481035DC2B95A09D0028A3E0;
			packageReferences = (
				481035F62B95A1080028A3E0 /* XCRemoteSwiftPackageReference "DeviceKit" */,
			);
			productRefGroup = 481035E62B95A09D0028A3E0 /* Products */;
			projectDirPath = "";
			projectRoot = "";
			targets = (
				481035E42B95A09D0028A3E0 /* iDevice */,
			);
		};
/* End PBXProject section */

/* Begin PBXResourcesBuildPhase section */
		481035E32B95A09D0028A3E0 /* Resources */ = {
			isa = PBXResourcesBuildPhase;
			buildActionMask = 2147483647;
			files = (
				481035F02B95A09E0028A3E0 /* Preview Assets.xcassets in Resources */,
				481035ED2B95A09E0028A3E0 /* Assets.xcassets in Resources */,
			);
			runOnlyForDeploymentPostprocessing = 0;
		};
/* End PBXResourcesBuildPhase section */

/* Begin PBXSourcesBuildPhase section */
		481035E12B95A09D0028A3E0 /* Sources */ = {
			isa = PBXSourcesBuildPhase;
			buildActionMask = 2147483647;
			files = (
				48DDCABB2B963D7B0091276C /* DeviceViewModel.swift in Sources */,
				48DDCABD2B96400B0091276C /* CameraAndHardwareDetailedView.swift in Sources */,
				48DDCAB72B963CB30091276C /* SecuredDetailedView.swift in Sources */,
				48DDCAA92B961EFB0091276C /* CameraDetailsView.swift in Sources */,
				48DDCAAB2B9638CF0091276C /* ModelDetailsView.swift in Sources */,
				481035EB2B95A09D0028A3E0 /* ContentView.swift in Sources */,
				48DDCAB32B963B2F0091276C /* NetworksDetailedView.swift in Sources */,
				48DDCAAF2B9639E90091276C /* StorageDetailsView.swift in Sources */,
				48DDCAB52B963B8C0091276C /* AdditionalDetailedView.swift in Sources */,
				48DDCABF2B9640B00091276C /* DisplayDetailedView.swift in Sources */,
				48DDCAC12B9641840091276C /* ProcessorAndGpuDetailedView.swift in Sources */,
				481035E92B95A09D0028A3E0 /* iDeviceApp.swift in Sources */,
				48DDCAAD2B9639570091276C /* SoftwareDetailsView.swift in Sources */,
				481035FA2B95A6680028A3E0 /* ListRow.swift in Sources */,
				48DDCAB12B963A680091276C /* BatteryDetailsView.swift in Sources */,
			);
			runOnlyForDeploymentPostprocessing = 0;
		};
/* End PBXSourcesBuildPhase section */

/* Begin XCBuildConfiguration section */
		481035F12B95A09E0028A3E0 /* Debug */ = {
			isa = XCBuildConfiguration;
			buildSettings = {
				ALWAYS_SEARCH_USER_PATHS = NO;
				ASSETCATALOG_COMPILER_GENERATE_SWIFT_ASSET_SYMBOL_EXTENSIONS = YES;
				CLANG_ANALYZER_NONNULL = YES;
				CLANG_ANALYZER_NUMBER_OBJECT_CONVERSION = YES_AGGRESSIVE;
				CLANG_CXX_LANGUAGE_STANDARD = "gnu++20";
				CLANG_ENABLE_MODULES = YES;
				CLANG_ENABLE_OBJC_ARC = YES;
				CLANG_ENABLE_OBJC_WEAK = YES;
				CLANG_WARN_BLOCK_CAPTURE_AUTORELEASING = YES;
				CLANG_WARN_BOOL_CONVERSION = YES;
				CLANG_WARN_COMMA = YES;
				CLANG_WARN_CONSTANT_CONVERSION = YES;
				CLANG_WARN_DEPRECATED_OBJC_IMPLEMENTATIONS = YES;
				CLANG_WARN_DIRECT_OBJC_ISA_USAGE = YES_ERROR;
				CLANG_WARN_DOCUMENTATION_COMMENTS = YES;
				CLANG_WARN_EMPTY_BODY = YES;
				CLANG_WARN_ENUM_CONVERSION = YES;
				CLANG_WARN_INFINITE_RECURSION = YES;
				CLANG_WARN_INT_CONVERSION = YES;
				CLANG_WARN_NON_LITERAL_NULL_CONVERSION = YES;
				CLANG_WARN_OBJC_IMPLICIT_RETAIN_SELF = YES;
				CLANG_WARN_OBJC_LITERAL_CONVERSION = YES;
				CLANG_WARN_OBJC_ROOT_CLASS = YES_ERROR;
				CLANG_WARN_QUOTED_INCLUDE_IN_FRAMEWORK_HEADER = YES;
				CLANG_WARN_RANGE_LOOP_ANALYSIS = YES;
				CLANG_WARN_STRICT_PROTOTYPES = YES;
				CLANG_WARN_SUSPICIOUS_MOVE = YES;
				CLANG_WARN_UNGUARDED_AVAILABILITY = YES_AGGRESSIVE;
				CLANG_WARN_UNREACHABLE_CODE = YES;
				CLANG_WARN__DUPLICATE_METHOD_MATCH = YES;
				COPY_PHASE_STRIP = NO;
				DEBUG_INFORMATION_FORMAT = dwarf;
				ENABLE_STRICT_OBJC_MSGSEND = YES;
				ENABLE_TESTABILITY = YES;
				ENABLE_USER_SCRIPT_SANDBOXING = YES;
				GCC_C_LANGUAGE_STANDARD = gnu17;
				GCC_DYNAMIC_NO_PIC = NO;
				GCC_NO_COMMON_BLOCKS = YES;
				GCC_OPTIMIZATION_LEVEL = 0;
				GCC_PREPROCESSOR_DEFINITIONS = (
					"DEBUG=1",
					"$(inherited)",
				);
				GCC_WARN_64_TO_32_BIT_CONVERSION = YES;
				GCC_WARN_ABOUT_RETURN_TYPE = YES_ERROR;
				GCC_WARN_UNDECLARED_SELECTOR = YES;
				GCC_WARN_UNINITIALIZED_AUTOS = YES_AGGRESSIVE;
				GCC_WARN_UNUSED_FUNCTION = YES;
				GCC_WARN_UNUSED_VARIABLE = YES;
				IPHONEOS_DEPLOYMENT_TARGET = 17.2;
				LOCALIZATION_PREFERS_STRING_CATALOGS = YES;
				MTL_ENABLE_DEBUG_INFO = INCLUDE_SOURCE;
				MTL_FAST_MATH = YES;
				ONLY_ACTIVE_ARCH = YES;
				SDKROOT = iphoneos;
				SWIFT_ACTIVE_COMPILATION_CONDITIONS = "DEBUG $(inherited)";
				SWIFT_OPTIMIZATION_LEVEL = "-Onone";
			};
			name = Debug;
		};
		481035F22B95A09E0028A3E0 /* Release */ = {
			isa = XCBuildConfiguration;
			buildSettings = {
				ALWAYS_SEARCH_USER_PATHS = NO;
				ASSETCATALOG_COMPILER_GENERATE_SWIFT_ASSET_SYMBOL_EXTENSIONS = YES;
				CLANG_ANALYZER_NONNULL = YES;
				CLANG_ANALYZER_NUMBER_OBJECT_CONVERSION = YES_AGGRESSIVE;
				CLANG_CXX_LANGUAGE_STANDARD = "gnu++20";
				CLANG_ENABLE_MODULES = YES;
				CLANG_ENABLE_OBJC_ARC = YES;
				CLANG_ENABLE_OBJC_WEAK = YES;
				CLANG_WARN_BLOCK_CAPTURE_AUTORELEASING = YES;
				CLANG_WARN_BOOL_CONVERSION = YES;
				CLANG_WARN_COMMA = YES;
				CLANG_WARN_CONSTANT_CONVERSION = YES;
				CLANG_WARN_DEPRECATED_OBJC_IMPLEMENTATIONS = YES;
				CLANG_WARN_DIRECT_OBJC_ISA_USAGE = YES_ERROR;
				CLANG_WARN_DOCUMENTATION_COMMENTS = YES;
				CLANG_WARN_EMPTY_BODY = YES;
				CLANG_WARN_ENUM_CONVERSION = YES;
				CLANG_WARN_INFINITE_RECURSION = YES;
				CLANG_WARN_INT_CONVERSION = YES;
				CLANG_WARN_NON_LITERAL_NULL_CONVERSION = YES;
				CLANG_WARN_OBJC_IMPLICIT_RETAIN_SELF = YES;
				CLANG_WARN_OBJC_LITERAL_CONVERSION = YES;
				CLANG_WARN_OBJC_ROOT_CLASS = YES_ERROR;
				CLANG_WARN_QUOTED_INCLUDE_IN_FRAMEWORK_HEADER = YES;
				CLANG_WARN_RANGE_LOOP_ANALYSIS = YES;
				CLANG_WARN_STRICT_PROTOTYPES = YES;
				CLANG_WARN_SUSPICIOUS_MOVE = YES;
				CLANG_WARN_UNGUARDED_AVAILABILITY = YES_AGGRESSIVE;
				CLANG_WARN_UNREACHABLE_CODE = YES;
				CLANG_WARN__DUPLICATE_METHOD_MATCH = YES;
				COPY_PHASE_STRIP = NO;
				DEBUG_INFORMATION_FORMAT = "dwarf-with-dsym";
				ENABLE_NS_ASSERTIONS = NO;
				ENABLE_STRICT_OBJC_MSGSEND = YES;
				ENABLE_USER_SCRIPT_SANDBOXING = YES;
				GCC_C_LANGUAGE_STANDARD = gnu17;
				GCC_NO_COMMON_BLOCKS = YES;
				GCC_WARN_64_TO_32_BIT_CONVERSION = YES;
				GCC_WARN_ABOUT_RETURN_TYPE = YES_ERROR;
				GCC_WARN_UNDECLARED_SELECTOR = YES;
				GCC_WARN_UNINITIALIZED_AUTOS = YES_AGGRESSIVE;
				GCC_WARN_UNUSED_FUNCTION = YES;
				GCC_WARN_UNUSED_VARIABLE = YES;
				IPHONEOS_DEPLOYMENT_TARGET = 17.2;
				LOCALIZATION_PREFERS_STRING_CATALOGS = YES;
				MTL_ENABLE_DEBUG_INFO = NO;
				MTL_FAST_MATH = YES;
				SDKROOT = iphoneos;
				SWIFT_COMPILATION_MODE = wholemodule;
				VALIDATE_PRODUCT = YES;
			};
			name = Release;
		};
		481035F42B95A09E0028A3E0 /* Debug */ = {
			isa = XCBuildConfiguration;
			buildSettings = {
				ASSETCATALOG_COMPILER_APPICON_NAME = AppIcon;
				ASSETCATALOG_COMPILER_GLOBAL_ACCENT_COLOR_NAME = AccentColor;
				CODE_SIGN_STYLE = Automatic;
				CURRENT_PROJECT_VERSION = 1;
				DEVELOPMENT_ASSET_PATHS = "\"iDevice/Preview Content\"";
				DEVELOPMENT_TEAM = 9MRV3ATR64;
				ENABLE_PREVIEWS = YES;
				GENERATE_INFOPLIST_FILE = YES;
				INFOPLIST_KEY_UIApplicationSceneManifest_Generation = YES;
				INFOPLIST_KEY_UIApplicationSupportsIndirectInputEvents = YES;
				INFOPLIST_KEY_UILaunchScreen_Generation = YES;
				INFOPLIST_KEY_UISupportedInterfaceOrientations_iPad = "UIInterfaceOrientationPortrait UIInterfaceOrientationPortraitUpsideDown UIInterfaceOrientationLandscapeLeft UIInterfaceOrientationLandscapeRight";
				INFOPLIST_KEY_UISupportedInterfaceOrientations_iPhone = "UIInterfaceOrientationPortrait UIInterfaceOrientationLandscapeLeft UIInterfaceOrientationLandscapeRight";
				IPHONEOS_DEPLOYMENT_TARGET = 15.0;
				LD_RUNPATH_SEARCH_PATHS = (
					"$(inherited)",
					"@executable_path/Frameworks",
				);
				MARKETING_VERSION = 1.0;
				PRODUCT_BUNDLE_IDENTIFIER = com.aditya.iDevice;
				PRODUCT_NAME = "$(TARGET_NAME)";
				SWIFT_EMIT_LOC_STRINGS = YES;
				SWIFT_VERSION = 5.0;
				TARGETED_DEVICE_FAMILY = "1,2";
			};
			name = Debug;
		};
		481035F52B95A09E0028A3E0 /* Release */ = {
			isa = XCBuildConfiguration;
			buildSettings = {
				ASSETCATALOG_COMPILER_APPICON_NAME = AppIcon;
				ASSETCATALOG_COMPILER_GLOBAL_ACCENT_COLOR_NAME = AccentColor;
				CODE_SIGN_STYLE = Automatic;
				CURRENT_PROJECT_VERSION = 1;
				DEVELOPMENT_ASSET_PATHS = "\"iDevice/Preview Content\"";
				DEVELOPMENT_TEAM = 9MRV3ATR64;
				ENABLE_PREVIEWS = YES;
				GENERATE_INFOPLIST_FILE = YES;
				INFOPLIST_KEY_UIApplicationSceneManifest_Generation = YES;
				INFOPLIST_KEY_UIApplicationSupportsIndirectInputEvents = YES;
				INFOPLIST_KEY_UILaunchScreen_Generation = YES;
				INFOPLIST_KEY_UISupportedInterfaceOrientations_iPad = "UIInterfaceOrientationPortrait UIInterfaceOrientationPortraitUpsideDown UIInterfaceOrientationLandscapeLeft UIInterfaceOrientationLandscapeRight";
				INFOPLIST_KEY_UISupportedInterfaceOrientations_iPhone = "UIInterfaceOrientationPortrait UIInterfaceOrientationLandscapeLeft UIInterfaceOrientationLandscapeRight";
				IPHONEOS_DEPLOYMENT_TARGET = 15.0;
				LD_RUNPATH_SEARCH_PATHS = (
					"$(inherited)",
					"@executable_path/Frameworks",
				);
				MARKETING_VERSION = 1.0;
				PRODUCT_BUNDLE_IDENTIFIER = com.aditya.iDevice;
				PRODUCT_NAME = "$(TARGET_NAME)";
				SWIFT_EMIT_LOC_STRINGS = YES;
				SWIFT_VERSION = 5.0;
				TARGETED_DEVICE_FAMILY = "1,2";
			};
			name = Release;
		};
/* End XCBuildConfiguration section */

/* Begin XCConfigurationList section */
		481035E02B95A09D0028A3E0 /* Build configuration list for PBXProject "iDevice" */ = {
			isa = XCConfigurationList;
			buildConfigurations = (
				481035F12B95A09E0028A3E0 /* Debug */,
				481035F22B95A09E0028A3E0 /* Release */,
			);
			defaultConfigurationIsVisible = 0;
			defaultConfigurationName = Release;
		};
		481035F32B95A09E0028A3E0 /* Build configuration list for PBXNativeTarget "iDevice" */ = {
			isa = XCConfigurationList;
			buildConfigurations = (
				481035F42B95A09E0028A3E0 /* Debug */,
				481035F52B95A09E0028A3E0 /* Release */,
			);
			defaultConfigurationIsVisible = 0;
			defaultConfigurationName = Release;
		};
/* End XCConfigurationList section */

/* Begin XCRemoteSwiftPackageReference section */
		481035F62B95A1080028A3E0 /* XCRemoteSwiftPackageReference "DeviceKit" */ = {
			isa = XCRemoteSwiftPackageReference;
			repositoryURL = "https://github.com/devicekit/DeviceKit.git";
			requirement = {
				kind = upToNextMajorVersion;
				minimumVersion = 5.2.2;
			};
		};
/* End XCRemoteSwiftPackageReference section */

/* Begin XCSwiftPackageProductDependency section */
		481035F72B95A1080028A3E0 /* DeviceKit */ = {
			isa = XCSwiftPackageProductDependency;
			package = 481035F62B95A1080028A3E0 /* XCRemoteSwiftPackageReference "DeviceKit" */;
			productName = DeviceKit;
		};
/* End XCSwiftPackageProductDependency section */
	};
	rootObject = 481035DD2B95A09D0028A3E0 /* Project object */;
}
